
Microsoft Visual Studio Solution File, Format Version 12.00
# Visual Studio Version 17
VisualStudioVersion = 17.5.2.0
MinimumVisualStudioVersion = 10.0.40219.1
Project("{FAE04EC0-301F-11D3-BF4B-00C04F79EFBC}") = "DevHabit.APi", "DevHabit.APi\DevHabit.APi.csproj", "{552C35BF-9D1E-183B-070D-99D7AE0FE6DA}"
EndProject
Project("{FAE04EC0-301F-11D3-BF4B-00C04F79EFBC}") = "DevHabit.APi.Tests", "DevHabit.APi.Tests\DevHabit.APi.Tests.csproj", "{25FC2749-2A54-425E-A5C7-11B6BA303512}"
EndProject
Project("{2150E333-8FDC-42A3-9474-1A3956D46DE8}") = "DevHabit.Api.IntegrationTests", "DevHabit.Api.IntegrationTests", "{F9C46E16-7EF7-32FA-DAA0-E80520EC4CAB}"
EndProject
Project("{FAE04EC0-301F-11D3-BF4B-00C04F79EFBC}") = "DevHabit.Api.integrationTests", "DevHabit.Api.IntegrationTests\DevHabit.Api.integrationTests.csproj", "{09F17A30-C750-4947-8D27-02EB303ED8C9}"
EndProject
Global
	GlobalSection(SolutionConfigurationPlatforms) = preSolution
		Debug|Any CPU = Debug|Any CPU
		Debug|x64 = Debug|x64
		Debug|x86 = Debug|x86
		Release|Any CPU = Release|Any CPU
		Release|x64 = Release|x64
		Release|x86 = Release|x86
	EndGlobalSection
	GlobalSection(ProjectConfigurationPlatforms) = postSolution
		{552C35BF-9D1E-183B-070D-99D7AE0FE6DA}.Debug|Any CPU.ActiveCfg = Debug|Any CPU
		{552C35BF-9D1E-183B-070D-99D7AE0FE6DA}.Debug|Any CPU.Build.0 = Debug|Any CPU
		{552C35BF-9D1E-183B-070D-99D7AE0FE6DA}.Debug|x64.ActiveCfg = Debug|Any CPU
		{552C35BF-9D1E-183B-070D-99D7AE0FE6DA}.Debug|x64.Build.0 = Debug|Any CPU
		{552C35BF-9D1E-183B-070D-99D7AE0FE6DA}.Debug|x86.ActiveCfg = Debug|Any CPU
		{552C35BF-9D1E-183B-070D-99D7AE0FE6DA}.Debug|x86.Build.0 = Debug|Any CPU
		{552C35BF-9D1E-183B-070D-99D7AE0FE6DA}.Release|Any CPU.ActiveCfg = Release|Any CPU
		{552C35BF-9D1E-183B-070D-99D7AE0FE6DA}.Release|Any CPU.Build.0 = Release|Any CPU
		{552C35BF-9D1E-183B-070D-99D7AE0FE6DA}.Release|x64.ActiveCfg = Release|Any CPU
		{552C35BF-9D1E-183B-070D-99D7AE0FE6DA}.Release|x64.Build.0 = Release|Any CPU
		{552C35BF-9D1E-183B-070D-99D7AE0FE6DA}.Release|x86.ActiveCfg = Release|Any CPU
		{552C35BF-9D1E-183B-070D-99D7AE0FE6DA}.Release|x86.Build.0 = Release|Any CPU
		{25FC2749-2A54-425E-A5C7-11B6BA303512}.Debug|Any CPU.ActiveCfg = Debug|Any CPU
		{25FC2749-2A54-425E-A5C7-11B6BA303512}.Debug|Any CPU.Build.0 = Debug|Any CPU
		{25FC2749-2A54-425E-A5C7-11B6BA303512}.Debug|x64.ActiveCfg = Debug|Any CPU
		{25FC2749-2A54-425E-A5C7-11B6BA303512}.Debug|x64.Build.0 = Debug|Any CPU
		{25FC2749-2A54-425E-A5C7-11B6BA303512}.Debug|x86.ActiveCfg = Debug|Any CPU
		{25FC2749-2A54-425E-A5C7-11B6BA303512}.Debug|x86.Build.0 = Debug|Any CPU
		{25FC2749-2A54-425E-A5C7-11B6BA303512}.Release|Any CPU.ActiveCfg = Release|Any CPU
		{25FC2749-2A54-425E-A5C7-11B6BA303512}.Release|Any CPU.Build.0 = Release|Any CPU
		{25FC2749-2A54-425E-A5C7-11B6BA303512}.Release|x64.ActiveCfg = Release|Any CPU
		{25FC2749-2A54-425E-A5C7-11B6BA303512}.Release|x64.Build.0 = Release|Any CPU
		{25FC2749-2A54-425E-A5C7-11B6BA303512}.Release|x86.ActiveCfg = Release|Any CPU
		{25FC2749-2A54-425E-A5C7-11B6BA303512}.Release|x86.Build.0 = Release|Any CPU
		{09F17A30-C750-4947-8D27-02EB303ED8C9}.Debug|Any CPU.ActiveCfg = Debug|Any CPU
		{09F17A30-C750-4947-8D27-02EB303ED8C9}.Debug|Any CPU.Build.0 = Debug|Any CPU
		{09F17A30-C750-4947-8D27-02EB303ED8C9}.Debug|x64.ActiveCfg = Debug|Any CPU
		{09F17A30-C750-4947-8D27-02EB303ED8C9}.Debug|x64.Build.0 = Debug|Any CPU
		{09F17A30-C750-4947-8D27-02EB303ED8C9}.Debug|x86.ActiveCfg = Debug|Any CPU
		{09F17A30-C750-4947-8D27-02EB303ED8C9}.Debug|x86.Build.0 = Debug|Any CPU
		{09F17A30-C750-4947-8D27-02EB303ED8C9}.Release|Any CPU.ActiveCfg = Release|Any CPU
		{09F17A30-C750-4947-8D27-02EB303ED8C9}.Release|Any CPU.Build.0 = Release|Any CPU
		{09F17A30-C750-4947-8D27-02EB303ED8C9}.Release|x64.ActiveCfg = Release|Any CPU
		{09F17A30-C750-4947-8D27-02EB303ED8C9}.Release|x64.Build.0 = Release|Any CPU
		{09F17A30-C750-4947-8D27-02EB303ED8C9}.Release|x86.ActiveCfg = Release|Any CPU
		{09F17A30-C750-4947-8D27-02EB303ED8C9}.Release|x86.Build.0 = Release|Any CPU
	EndGlobalSection
	GlobalSection(SolutionProperties) = preSolution
		HideSolutionNode = FALSE
	EndGlobalSection
	GlobalSection(NestedProjects) = preSolution
		{09F17A30-C750-4947-8D27-02EB303ED8C9} = {F9C46E16-7EF7-32FA-DAA0-E80520EC4CAB}
	EndGlobalSection
	GlobalSection(ExtensibilityGlobals) = postSolution
		SolutionGuid = {3656A45E-B517-49DF-8D01-7B031EC185BB}
	EndGlobalSection
EndGlobal
